
Microsoft Visual Studio Solution File, Format Version 12.00
# Visual Studio Version 16
VisualStudioVersion = 16.0.30503.244
MinimumVisualStudioVersion = 10.0.40219.1
Project("{F184B08F-C81C-45F6-A57F-5ABD9991F28F}") = "Team_Project", "Team_Project.vbproj", "{348A3762-7C40-4680-897D-34D46F551DFA}"
EndProject
Global
	GlobalSection(SolutionConfigurationPlatforms) = preSolution
		Debug|Any CPU = Debug|Any CPU
		Release|Any CPU = Release|Any CPU
	EndGlobalSection
	GlobalSection(ProjectConfigurationPlatforms) = postSolution
		{348A3762-7C40-4680-897D-34D46F551DFA}.Debug|Any CPU.ActiveCfg = Debug|Any CPU
		{348A3762-7C40-4680-897D-34D46F551DFA}.Debug|Any CPU.Build.0 = Debug|Any CPU
		{348A3762-7C40-4680-897D-34D46F551DFA}.Release|Any CPU.ActiveCfg = Release|Any CPU
		{348A3762-7C40-4680-897D-34D46F551DFA}.Release|Any CPU.Build.0 = Release|Any CPU
	EndGlobalSection
	GlobalSection(SolutionProperties) = preSolution
		HideSolutionNode = FALSE
	EndGlobalSection
	GlobalSection(ExtensibilityGlobals) = postSolution
		SolutionGuid = {C5D3D82A-58B8-414E-8A03-16896B7267C8}
	EndGlobalSection
EndGlobal
